<?xml version="1.0" encoding="UTF-8" standalone="yes" ?>
<CodeBlocks_project_file>
	<FileVersion major="1" minor="6" />
	<Project>
		<Option title="kuros_demo_simple" />
		<Option pch_mode="2" />
		<Option compiler="gcc" />
		<Build>
			<Target title="Debug">
				<Option output="bin/Debug/kuros_demo_simple" prefix_auto="1" extension_auto="1" />
				<Option object_output="obj/Debug/" />
				<Option type="1" />
				<Option compiler="gcc" />
				<Compiler>
					<Add option="-g" />
				</Compiler>
			</Target>
			<Target title="Release">
				<Option output="bin/Release/kuros_demo_simple" prefix_auto="1" extension_auto="1" />
				<Option object_output="obj/Release/" />
				<Option type="1" />
				<Option compiler="gcc" />
				<Compiler>
					<Add option="-O2" />
				</Compiler>
				<Linker>
					<Add option="-s" />
				</Linker>
			</Target>
		</Build>
		<Compiler>
			<Add option="-std=c++98" />
			<Add option="-Wall" />
			<Add option="-fexceptions" />
			<Add directory="include" />
			<Add directory="../kuros03/include" />
			<Add directory="../../Libraries/tinyXml2/include" />
		</Compiler>
		<Linker>
			<Add library="../kuros03/bin/Release/libkuros.a" />
			<Add library="../../Libraries/tinyXml2/lib/libtinyxml2.a" />
			<Add library="boost_system" />
			<Add library="boost_thread" />
		</Linker>
		<Unit filename="include/DataFile.hpp" />
		<Unit filename="include/HandlingServer.hpp" />
		<Unit filename="src/DataFile.cpp" />
		<Unit filename="src/HandlingServer.cpp" />
		<Unit filename="src/simple_main.cpp" />
		<Extensions>
			<code_completion />
			<debugger />
		</Extensions>
	</Project>
</CodeBlocks_project_file>
